// !$*UTF8*$!
{
	archiveVersion = 1;
	classes = {
	};
	objectVersion = 56;
	objects = {

/* Begin PBXBuildFile section */
		B66251B12CB2265300156AE8 /* AppDelegate.swift in Sources */ = {isa = PBXBuildFile; fileRef = B66251B02CB2265300156AE8 /* AppDelegate.swift */; };
		B66251B32CB2265300156AE8 /* SceneDelegate.swift in Sources */ = {isa = PBXBuildFile; fileRef = B66251B22CB2265300156AE8 /* SceneDelegate.swift */; };
		B66251BA2CB2265800156AE8 /* Assets.xcassets in Resources */ = {isa = PBXBuildFile; fileRef = B66251B92CB2265800156AE8 /* Assets.xcassets */; };
		B66251BD2CB2265800156AE8 /* LaunchScreen.storyboard in Resources */ = {isa = PBXBuildFile; fileRef = B66251BB2CB2265800156AE8 /* LaunchScreen.storyboard */; };
		B66251C82CB2265A00156AE8 /* TesteVaDeTaxiTests.swift in Sources */ = {isa = PBXBuildFile; fileRef = B66251C72CB2265A00156AE8 /* TesteVaDeTaxiTests.swift */; };
		B66251D22CB2265A00156AE8 /* TesteVaDeTaxiUITests.swift in Sources */ = {isa = PBXBuildFile; fileRef = B66251D12CB2265A00156AE8 /* TesteVaDeTaxiUITests.swift */; };
		B66251D42CB2265A00156AE8 /* TesteVaDeTaxiUITestsLaunchTests.swift in Sources */ = {isa = PBXBuildFile; fileRef = B66251D32CB2265A00156AE8 /* TesteVaDeTaxiUITestsLaunchTests.swift */; };
		B66251E62CB2286000156AE8 /* HomeViewController.swift in Sources */ = {isa = PBXBuildFile; fileRef = B66251E52CB2286000156AE8 /* HomeViewController.swift */; };
		B66251EA2CB228A500156AE8 /* BaseViewController.swift in Sources */ = {isa = PBXBuildFile; fileRef = B66251E92CB228A500156AE8 /* BaseViewController.swift */; };
		B66251ED2CB249D800156AE8 /* BaseCollectionViewCell.swift in Sources */ = {isa = PBXBuildFile; fileRef = B66251EC2CB249D800156AE8 /* BaseCollectionViewCell.swift */; };
		B66251EF2CB24EBF00156AE8 /* HomeCollectionViewCell.swift in Sources */ = {isa = PBXBuildFile; fileRef = B66251EE2CB24EBF00156AE8 /* HomeCollectionViewCell.swift */; };
		B66251F32CB2663F00156AE8 /* UICollectionView+Extension.swift in Sources */ = {isa = PBXBuildFile; fileRef = B66251F22CB2663F00156AE8 /* UICollectionView+Extension.swift */; };
		B66251F72CB353AD00156AE8 /* FlightsHistoryViewController.swift in Sources */ = {isa = PBXBuildFile; fileRef = B66251F62CB353AD00156AE8 /* FlightsHistoryViewController.swift */; };
		B66251F92CB353CD00156AE8 /* FlightsHistoryViewCell.swift in Sources */ = {isa = PBXBuildFile; fileRef = B66251F82CB353CD00156AE8 /* FlightsHistoryViewCell.swift */; };
		B66251FB2CB3602F00156AE8 /* UIColor+Extension.swift in Sources */ = {isa = PBXBuildFile; fileRef = B66251FA2CB3602F00156AE8 /* UIColor+Extension.swift */; };
		B66251FD2CB388CC00156AE8 /* Flight.swift in Sources */ = {isa = PBXBuildFile; fileRef = B66251FC2CB388CB00156AE8 /* Flight.swift */; };
		B66252002CB3914800156AE8 /* APIClient.swift in Sources */ = {isa = PBXBuildFile; fileRef = B66251FF2CB3914800156AE8 /* APIClient.swift */; };
		B66252022CB3915D00156AE8 /* APIRequest.swift in Sources */ = {isa = PBXBuildFile; fileRef = B66252012CB3915D00156AE8 /* APIRequest.swift */; };
		B66252042CB39FED00156AE8 /* FlightsHistoryViewModel.swift in Sources */ = {isa = PBXBuildFile; fileRef = B66252032CB39FED00156AE8 /* FlightsHistoryViewModel.swift */; };
		B66252072CB3A7CD00156AE8 /* FlightsFilteredListViewController.swift in Sources */ = {isa = PBXBuildFile; fileRef = B66252062CB3A7CD00156AE8 /* FlightsFilteredListViewController.swift */; };
		B662520C2CB3A88D00156AE8 /* FlightsFilteredListViewCell.swift in Sources */ = {isa = PBXBuildFile; fileRef = B662520B2CB3A88D00156AE8 /* FlightsFilteredListViewCell.swift */; };
		B662520E2CB481B400156AE8 /* Data+Extension.swift in Sources */ = {isa = PBXBuildFile; fileRef = B662520D2CB481B400156AE8 /* Data+Extension.swift */; };
		B662521D2CB5B30E00156AE8 /* HomeCoordinator.swift in Sources */ = {isa = PBXBuildFile; fileRef = B662521C2CB5B30D00156AE8 /* HomeCoordinator.swift */; };
		B662521F2CB5B32B00156AE8 /* FlightsHistoryCoordinator.swift in Sources */ = {isa = PBXBuildFile; fileRef = B662521E2CB5B32B00156AE8 /* FlightsHistoryCoordinator.swift */; };
		B66252212CB5B39D00156AE8 /* CoordinatorsProtocols.swift in Sources */ = {isa = PBXBuildFile; fileRef = B66252202CB5B39D00156AE8 /* CoordinatorsProtocols.swift */; };
		B66252352CB5EC0F00156AE8 /* FlightsHistoryServiceSpy.swift in Sources */ = {isa = PBXBuildFile; fileRef = B66252342CB5EC0F00156AE8 /* FlightsHistoryServiceSpy.swift */; };
		B66252372CB5EC2400156AE8 /* FlightsHistoryViewControllerSpy.swift in Sources */ = {isa = PBXBuildFile; fileRef = B66252362CB5EC2400156AE8 /* FlightsHistoryViewControllerSpy.swift */; };
		B66252392CB5EC6E00156AE8 /* FlightsHistoryViewModelTests.swift in Sources */ = {isa = PBXBuildFile; fileRef = B66252382CB5EC6E00156AE8 /* FlightsHistoryViewModelTests.swift */; };
/* End PBXBuildFile section */

/* Begin PBXContainerItemProxy section */
		B66251C42CB2265A00156AE8 /* PBXContainerItemProxy */ = {
			isa = PBXContainerItemProxy;
			containerPortal = B66251A52CB2265300156AE8 /* Project object */;
			proxyType = 1;
			remoteGlobalIDString = B66251AC2CB2265300156AE8;
			remoteInfo = TesteVaDeTaxi;
		};
		B66251CE2CB2265A00156AE8 /* PBXContainerItemProxy */ = {
			isa = PBXContainerItemProxy;
			containerPortal = B66251A52CB2265300156AE8 /* Project object */;
			proxyType = 1;
			remoteGlobalIDString = B66251AC2CB2265300156AE8;
			remoteInfo = TesteVaDeTaxi;
		};
/* End PBXContainerItemProxy section */

/* Begin PBXFileReference section */
		B66251AD2CB2265300156AE8 /* TesteVaDeTaxi.app */ = {isa = PBXFileReference; explicitFileType = wrapper.application; includeInIndex = 0; path = TesteVaDeTaxi.app; sourceTree = BUILT_PRODUCTS_DIR; };
		B66251B02CB2265300156AE8 /* AppDelegate.swift */ = {isa = PBXFileReference; lastKnownFileType = sourcecode.swift; path = AppDelegate.swift; sourceTree = "<group>"; };
		B66251B22CB2265300156AE8 /* SceneDelegate.swift */ = {isa = PBXFileReference; lastKnownFileType = sourcecode.swift; path = SceneDelegate.swift; sourceTree = "<group>"; };
		B66251B92CB2265800156AE8 /* Assets.xcassets */ = {isa = PBXFileReference; lastKnownFileType = folder.assetcatalog; path = Assets.xcassets; sourceTree = "<group>"; };
		B66251BC2CB2265800156AE8 /* Base */ = {isa = PBXFileReference; lastKnownFileType = file.storyboard; name = Base; path = Base.lproj/LaunchScreen.storyboard; sourceTree = "<group>"; };
		B66251BE2CB2265800156AE8 /* Info.plist */ = {isa = PBXFileReference; lastKnownFileType = text.plist.xml; path = Info.plist; sourceTree = "<group>"; };
		B66251C32CB2265A00156AE8 /* TesteVaDeTaxiTests.xctest */ = {isa = PBXFileReference; explicitFileType = wrapper.cfbundle; includeInIndex = 0; path = TesteVaDeTaxiTests.xctest; sourceTree = BUILT_PRODUCTS_DIR; };
		B66251C72CB2265A00156AE8 /* TesteVaDeTaxiTests.swift */ = {isa = PBXFileReference; lastKnownFileType = sourcecode.swift; path = TesteVaDeTaxiTests.swift; sourceTree = "<group>"; };
		B66251CD2CB2265A00156AE8 /* TesteVaDeTaxiUITests.xctest */ = {isa = PBXFileReference; explicitFileType = wrapper.cfbundle; includeInIndex = 0; path = TesteVaDeTaxiUITests.xctest; sourceTree = BUILT_PRODUCTS_DIR; };
		B66251D12CB2265A00156AE8 /* TesteVaDeTaxiUITests.swift */ = {isa = PBXFileReference; lastKnownFileType = sourcecode.swift; path = TesteVaDeTaxiUITests.swift; sourceTree = "<group>"; };
		B66251D32CB2265A00156AE8 /* TesteVaDeTaxiUITestsLaunchTests.swift */ = {isa = PBXFileReference; lastKnownFileType = sourcecode.swift; path = TesteVaDeTaxiUITestsLaunchTests.swift; sourceTree = "<group>"; };
		B66251E52CB2286000156AE8 /* HomeViewController.swift */ = {isa = PBXFileReference; lastKnownFileType = sourcecode.swift; path = HomeViewController.swift; sourceTree = "<group>"; };
		B66251E92CB228A500156AE8 /* BaseViewController.swift */ = {isa = PBXFileReference; lastKnownFileType = sourcecode.swift; path = BaseViewController.swift; sourceTree = "<group>"; };
		B66251EC2CB249D800156AE8 /* BaseCollectionViewCell.swift */ = {isa = PBXFileReference; lastKnownFileType = sourcecode.swift; path = BaseCollectionViewCell.swift; sourceTree = "<group>"; };
		B66251EE2CB24EBF00156AE8 /* HomeCollectionViewCell.swift */ = {isa = PBXFileReference; lastKnownFileType = sourcecode.swift; path = HomeCollectionViewCell.swift; sourceTree = "<group>"; };
		B66251F22CB2663F00156AE8 /* UICollectionView+Extension.swift */ = {isa = PBXFileReference; lastKnownFileType = sourcecode.swift; path = "UICollectionView+Extension.swift"; sourceTree = "<group>"; };
		B66251F62CB353AD00156AE8 /* FlightsHistoryViewController.swift */ = {isa = PBXFileReference; lastKnownFileType = sourcecode.swift; path = FlightsHistoryViewController.swift; sourceTree = "<group>"; };
		B66251F82CB353CD00156AE8 /* FlightsHistoryViewCell.swift */ = {isa = PBXFileReference; lastKnownFileType = sourcecode.swift; path = FlightsHistoryViewCell.swift; sourceTree = "<group>"; };
		B66251FA2CB3602F00156AE8 /* UIColor+Extension.swift */ = {isa = PBXFileReference; lastKnownFileType = sourcecode.swift; path = "UIColor+Extension.swift"; sourceTree = "<group>"; };
		B66251FC2CB388CB00156AE8 /* Flight.swift */ = {isa = PBXFileReference; lastKnownFileType = sourcecode.swift; path = Flight.swift; sourceTree = "<group>"; };
		B66251FF2CB3914800156AE8 /* APIClient.swift */ = {isa = PBXFileReference; lastKnownFileType = sourcecode.swift; path = APIClient.swift; sourceTree = "<group>"; };
		B66252012CB3915D00156AE8 /* APIRequest.swift */ = {isa = PBXFileReference; lastKnownFileType = sourcecode.swift; path = APIRequest.swift; sourceTree = "<group>"; };
		B66252032CB39FED00156AE8 /* FlightsHistoryViewModel.swift */ = {isa = PBXFileReference; lastKnownFileType = sourcecode.swift; path = FlightsHistoryViewModel.swift; sourceTree = "<group>"; };
		B66252062CB3A7CD00156AE8 /* FlightsFilteredListViewController.swift */ = {isa = PBXFileReference; lastKnownFileType = sourcecode.swift; path = FlightsFilteredListViewController.swift; sourceTree = "<group>"; };
		B662520B2CB3A88D00156AE8 /* FlightsFilteredListViewCell.swift */ = {isa = PBXFileReference; lastKnownFileType = sourcecode.swift; path = FlightsFilteredListViewCell.swift; sourceTree = "<group>"; };
		B662520D2CB481B400156AE8 /* Data+Extension.swift */ = {isa = PBXFileReference; lastKnownFileType = sourcecode.swift; path = "Data+Extension.swift"; sourceTree = "<group>"; };
		B662521C2CB5B30D00156AE8 /* HomeCoordinator.swift */ = {isa = PBXFileReference; lastKnownFileType = sourcecode.swift; path = HomeCoordinator.swift; sourceTree = "<group>"; };
		B662521E2CB5B32B00156AE8 /* FlightsHistoryCoordinator.swift */ = {isa = PBXFileReference; lastKnownFileType = sourcecode.swift; path = FlightsHistoryCoordinator.swift; sourceTree = "<group>"; };
		B66252202CB5B39D00156AE8 /* CoordinatorsProtocols.swift */ = {isa = PBXFileReference; lastKnownFileType = sourcecode.swift; path = CoordinatorsProtocols.swift; sourceTree = "<group>"; };
		B66252342CB5EC0F00156AE8 /* FlightsHistoryServiceSpy.swift */ = {isa = PBXFileReference; lastKnownFileType = sourcecode.swift; path = FlightsHistoryServiceSpy.swift; sourceTree = "<group>"; };
		B66252362CB5EC2400156AE8 /* FlightsHistoryViewControllerSpy.swift */ = {isa = PBXFileReference; lastKnownFileType = sourcecode.swift; path = FlightsHistoryViewControllerSpy.swift; sourceTree = "<group>"; };
		B66252382CB5EC6E00156AE8 /* FlightsHistoryViewModelTests.swift */ = {isa = PBXFileReference; lastKnownFileType = sourcecode.swift; path = FlightsHistoryViewModelTests.swift; sourceTree = "<group>"; };
/* End PBXFileReference section */

/* Begin PBXFrameworksBuildPhase section */
		B66251AA2CB2265300156AE8 /* Frameworks */ = {
			isa = PBXFrameworksBuildPhase;
			buildActionMask = 2147483647;
			files = (
			);
			runOnlyForDeploymentPostprocessing = 0;
		};
		B66251C02CB2265A00156AE8 /* Frameworks */ = {
			isa = PBXFrameworksBuildPhase;
			buildActionMask = 2147483647;
			files = (
			);
			runOnlyForDeploymentPostprocessing = 0;
		};
		B66251CA2CB2265A00156AE8 /* Frameworks */ = {
			isa = PBXFrameworksBuildPhase;
			buildActionMask = 2147483647;
			files = (
			);
			runOnlyForDeploymentPostprocessing = 0;
		};
/* End PBXFrameworksBuildPhase section */

/* Begin PBXGroup section */
		B66251A42CB2265300156AE8 = {
			isa = PBXGroup;
			children = (
				B66251AF2CB2265300156AE8 /* TesteVaDeTaxi */,
				B66251C62CB2265A00156AE8 /* TesteVaDeTaxiTests */,
				B66251D02CB2265A00156AE8 /* TesteVaDeTaxiUITests */,
				B66251AE2CB2265300156AE8 /* Products */,
			);
			sourceTree = "<group>";
		};
		B66251AE2CB2265300156AE8 /* Products */ = {
			isa = PBXGroup;
			children = (
				B66251AD2CB2265300156AE8 /* TesteVaDeTaxi.app */,
				B66251C32CB2265A00156AE8 /* TesteVaDeTaxiTests.xctest */,
				B66251CD2CB2265A00156AE8 /* TesteVaDeTaxiUITests.xctest */,
			);
			name = Products;
			sourceTree = "<group>";
		};
		B66251AF2CB2265300156AE8 /* TesteVaDeTaxi */ = {
			isa = PBXGroup;
			children = (
				B66251E22CB2282300156AE8 /* Model */,
				B66251E12CB2280200156AE8 /* Controller */,
				B66251E02CB227B800156AE8 /* SupportingFiles */,
				B66251FE2CB390F700156AE8 /* Networking */,
				B66251F12CB265DA00156AE8 /* Extension */,
				B662521B2CB5B2EA00156AE8 /* Coordinators */,
			);
			path = TesteVaDeTaxi;
			sourceTree = "<group>";
		};
		B66251C62CB2265A00156AE8 /* TesteVaDeTaxiTests */ = {
			isa = PBXGroup;
			children = (
				B66251C72CB2265A00156AE8 /* TesteVaDeTaxiTests.swift */,
				B66252312CB5EB9200156AE8 /* FlightsHistoryTests */,
			);
			path = TesteVaDeTaxiTests;
			sourceTree = "<group>";
		};
		B66251D02CB2265A00156AE8 /* TesteVaDeTaxiUITests */ = {
			isa = PBXGroup;
			children = (
				B66251D12CB2265A00156AE8 /* TesteVaDeTaxiUITests.swift */,
				B66251D32CB2265A00156AE8 /* TesteVaDeTaxiUITestsLaunchTests.swift */,
			);
			path = TesteVaDeTaxiUITests;
			sourceTree = "<group>";
		};
		B66251E02CB227B800156AE8 /* SupportingFiles */ = {
			isa = PBXGroup;
			children = (
				B66251B02CB2265300156AE8 /* AppDelegate.swift */,
				B66251B22CB2265300156AE8 /* SceneDelegate.swift */,
				B66251B92CB2265800156AE8 /* Assets.xcassets */,
				B66251BB2CB2265800156AE8 /* LaunchScreen.storyboard */,
				B66251BE2CB2265800156AE8 /* Info.plist */,
			);
			path = SupportingFiles;
			sourceTree = "<group>";
		};
		B66251E12CB2280200156AE8 /* Controller */ = {
			isa = PBXGroup;
			children = (
				B66251E72CB2288100156AE8 /* Base */,
				B66251E42CB2283C00156AE8 /* Home */,
				B66251E32CB2282F00156AE8 /* FlightsHistory */,
				B66252052CB3A79600156AE8 /* FlightsHistoryList */,
			);
			path = Controller;
			sourceTree = "<group>";
		};
		B66251E22CB2282300156AE8 /* Model */ = {
			isa = PBXGroup;
			children = (
				B66251FC2CB388CB00156AE8 /* Flight.swift */,
			);
			path = Model;
			sourceTree = "<group>";
		};
		B66251E32CB2282F00156AE8 /* FlightsHistory */ = {
			isa = PBXGroup;
			children = (
				B66251F52CB3538C00156AE8 /* Cell */,
				B66251F62CB353AD00156AE8 /* FlightsHistoryViewController.swift */,
				B66252032CB39FED00156AE8 /* FlightsHistoryViewModel.swift */,
			);
			path = FlightsHistory;
			sourceTree = "<group>";
		};
		B66251E42CB2283C00156AE8 /* Home */ = {
			isa = PBXGroup;
			children = (
				B66251F02CB24F6E00156AE8 /* Cell */,
				B66251E52CB2286000156AE8 /* HomeViewController.swift */,
			);
			path = Home;
			sourceTree = "<group>";
		};
		B66251E72CB2288100156AE8 /* Base */ = {
			isa = PBXGroup;
			children = (
				B66251E92CB228A500156AE8 /* BaseViewController.swift */,
				B66251EC2CB249D800156AE8 /* BaseCollectionViewCell.swift */,
			);
			path = Base;
			sourceTree = "<group>";
		};
		B66251F02CB24F6E00156AE8 /* Cell */ = {
			isa = PBXGroup;
			children = (
				B66251EE2CB24EBF00156AE8 /* HomeCollectionViewCell.swift */,
			);
			path = Cell;
			sourceTree = "<group>";
		};
		B66251F12CB265DA00156AE8 /* Extension */ = {
			isa = PBXGroup;
			children = (
				B66251F22CB2663F00156AE8 /* UICollectionView+Extension.swift */,
				B66251FA2CB3602F00156AE8 /* UIColor+Extension.swift */,
				B662520D2CB481B400156AE8 /* Data+Extension.swift */,
			);
			path = Extension;
			sourceTree = "<group>";
		};
		B66251F52CB3538C00156AE8 /* Cell */ = {
			isa = PBXGroup;
			children = (
				B66251F82CB353CD00156AE8 /* FlightsHistoryViewCell.swift */,
			);
			path = Cell;
			sourceTree = "<group>";
		};
		B66251FE2CB390F700156AE8 /* Networking */ = {
			isa = PBXGroup;
			children = (
				B66251FF2CB3914800156AE8 /* APIClient.swift */,
				B66252012CB3915D00156AE8 /* APIRequest.swift */,
			);
			path = Networking;
			sourceTree = "<group>";
		};
		B66252052CB3A79600156AE8 /* FlightsHistoryList */ = {
			isa = PBXGroup;
			children = (
				B662520A2CB3A86600156AE8 /* Cell */,
				B66252062CB3A7CD00156AE8 /* FlightsFilteredListViewController.swift */,
			);
			path = FlightsHistoryList;
			sourceTree = "<group>";
		};
		B662520A2CB3A86600156AE8 /* Cell */ = {
			isa = PBXGroup;
			children = (
				B662520B2CB3A88D00156AE8 /* FlightsFilteredListViewCell.swift */,
			);
			path = Cell;
			sourceTree = "<group>";
		};
		B662521B2CB5B2EA00156AE8 /* Coordinators */ = {
			isa = PBXGroup;
			children = (
				B66252202CB5B39D00156AE8 /* CoordinatorsProtocols.swift */,
				B662521C2CB5B30D00156AE8 /* HomeCoordinator.swift */,
				B662521E2CB5B32B00156AE8 /* FlightsHistoryCoordinator.swift */,
			);
			path = Coordinators;
			sourceTree = "<group>";
		};
		B66252312CB5EB9200156AE8 /* FlightsHistoryTests */ = {
			isa = PBXGroup;
			children = (
				B66252322CB5EBC300156AE8 /* Spies */,
				B66252332CB5EBCA00156AE8 /* ViewModel */,
			);
			path = FlightsHistoryTests;
			sourceTree = "<group>";
		};
		B66252322CB5EBC300156AE8 /* Spies */ = {
			isa = PBXGroup;
			children = (
				B66252342CB5EC0F00156AE8 /* FlightsHistoryServiceSpy.swift */,
				B66252362CB5EC2400156AE8 /* FlightsHistoryViewControllerSpy.swift */,
			);
			path = Spies;
			sourceTree = "<group>";
		};
		B66252332CB5EBCA00156AE8 /* ViewModel */ = {
			isa = PBXGroup;
			children = (
				B66252382CB5EC6E00156AE8 /* FlightsHistoryViewModelTests.swift */,
			);
			path = ViewModel;
			sourceTree = "<group>";
		};
/* End PBXGroup section */

/* Begin PBXNativeTarget section */
		B66251AC2CB2265300156AE8 /* TesteVaDeTaxi */ = {
			isa = PBXNativeTarget;
			buildConfigurationList = B66251D72CB2265A00156AE8 /* Build configuration list for PBXNativeTarget "TesteVaDeTaxi" */;
			buildPhases = (
				B66251A92CB2265300156AE8 /* Sources */,
				B66251AA2CB2265300156AE8 /* Frameworks */,
				B66251AB2CB2265300156AE8 /* Resources */,
			);
			buildRules = (
			);
			dependencies = (
			);
			name = TesteVaDeTaxi;
			productName = TesteVaDeTaxi;
			productReference = B66251AD2CB2265300156AE8 /* TesteVaDeTaxi.app */;
			productType = "com.apple.product-type.application";
		};
		B66251C22CB2265A00156AE8 /* TesteVaDeTaxiTests */ = {
			isa = PBXNativeTarget;
			buildConfigurationList = B66251DA2CB2265A00156AE8 /* Build configuration list for PBXNativeTarget "TesteVaDeTaxiTests" */;
			buildPhases = (
				B66251BF2CB2265A00156AE8 /* Sources */,
				B66251C02CB2265A00156AE8 /* Frameworks */,
				B66251C12CB2265A00156AE8 /* Resources */,
			);
			buildRules = (
			);
			dependencies = (
				B66251C52CB2265A00156AE8 /* PBXTargetDependency */,
			);
			name = TesteVaDeTaxiTests;
			productName = TesteVaDeTaxiTests;
			productReference = B66251C32CB2265A00156AE8 /* TesteVaDeTaxiTests.xctest */;
			productType = "com.apple.product-type.bundle.unit-test";
		};
		B66251CC2CB2265A00156AE8 /* TesteVaDeTaxiUITests */ = {
			isa = PBXNativeTarget;
			buildConfigurationList = B66251DD2CB2265A00156AE8 /* Build configuration list for PBXNativeTarget "TesteVaDeTaxiUITests" */;
			buildPhases = (
				B66251C92CB2265A00156AE8 /* Sources */,
				B66251CA2CB2265A00156AE8 /* Frameworks */,
				B66251CB2CB2265A00156AE8 /* Resources */,
			);
			buildRules = (
			);
			dependencies = (
				B66251CF2CB2265A00156AE8 /* PBXTargetDependency */,
			);
			name = TesteVaDeTaxiUITests;
			productName = TesteVaDeTaxiUITests;
			productReference = B66251CD2CB2265A00156AE8 /* TesteVaDeTaxiUITests.xctest */;
			productType = "com.apple.product-type.bundle.ui-testing";
		};
/* End PBXNativeTarget section */

/* Begin PBXProject section */
		B66251A52CB2265300156AE8 /* Project object */ = {
			isa = PBXProject;
			attributes = {
				BuildIndependentTargetsInParallel = 1;
				LastSwiftUpdateCheck = 1520;
				LastUpgradeCheck = 1520;
				TargetAttributes = {
					B66251AC2CB2265300156AE8 = {
						CreatedOnToolsVersion = 15.2;
					};
					B66251C22CB2265A00156AE8 = {
						CreatedOnToolsVersion = 15.2;
						TestTargetID = B66251AC2CB2265300156AE8;
					};
					B66251CC2CB2265A00156AE8 = {
						CreatedOnToolsVersion = 15.2;
						TestTargetID = B66251AC2CB2265300156AE8;
					};
				};
			};
			buildConfigurationList = B66251A82CB2265300156AE8 /* Build configuration list for PBXProject "TesteVaDeTaxi" */;
			compatibilityVersion = "Xcode 14.0";
			developmentRegion = en;
			hasScannedForEncodings = 0;
			knownRegions = (
				en,
				Base,
			);
			mainGroup = B66251A42CB2265300156AE8;
			productRefGroup = B66251AE2CB2265300156AE8 /* Products */;
			projectDirPath = "";
			projectRoot = "";
			targets = (
				B66251AC2CB2265300156AE8 /* TesteVaDeTaxi */,
				B66251C22CB2265A00156AE8 /* TesteVaDeTaxiTests */,
				B66251CC2CB2265A00156AE8 /* TesteVaDeTaxiUITests */,
			);
		};
/* End PBXProject section */

/* Begin PBXResourcesBuildPhase section */
		B66251AB2CB2265300156AE8 /* Resources */ = {
			isa = PBXResourcesBuildPhase;
			buildActionMask = 2147483647;
			files = (
				B66251BD2CB2265800156AE8 /* LaunchScreen.storyboard in Resources */,
				B66251BA2CB2265800156AE8 /* Assets.xcassets in Resources */,
			);
			runOnlyForDeploymentPostprocessing = 0;
		};
		B66251C12CB2265A00156AE8 /* Resources */ = {
			isa = PBXResourcesBuildPhase;
			buildActionMask = 2147483647;
			files = (
			);
			runOnlyForDeploymentPostprocessing = 0;
		};
		B66251CB2CB2265A00156AE8 /* Resources */ = {
			isa = PBXResourcesBuildPhase;
			buildActionMask = 2147483647;
			files = (
			);
			runOnlyForDeploymentPostprocessing = 0;
		};
/* End PBXResourcesBuildPhase section */

/* Begin PBXSourcesBuildPhase section */
		B66251A92CB2265300156AE8 /* Sources */ = {
			isa = PBXSourcesBuildPhase;
			buildActionMask = 2147483647;
			files = (
				B66251B12CB2265300156AE8 /* AppDelegate.swift in Sources */,
				B66252042CB39FED00156AE8 /* FlightsHistoryViewModel.swift in Sources */,
				B66251F32CB2663F00156AE8 /* UICollectionView+Extension.swift in Sources */,
				B66252072CB3A7CD00156AE8 /* FlightsFilteredListViewController.swift in Sources */,
				B66252022CB3915D00156AE8 /* APIRequest.swift in Sources */,
				B662521F2CB5B32B00156AE8 /* FlightsHistoryCoordinator.swift in Sources */,
				B66251ED2CB249D800156AE8 /* BaseCollectionViewCell.swift in Sources */,
				B66251F72CB353AD00156AE8 /* FlightsHistoryViewController.swift in Sources */,
				B66251FD2CB388CC00156AE8 /* Flight.swift in Sources */,
				B66251F92CB353CD00156AE8 /* FlightsHistoryViewCell.swift in Sources */,
				B66252212CB5B39D00156AE8 /* CoordinatorsProtocols.swift in Sources */,
				B66251EA2CB228A500156AE8 /* BaseViewController.swift in Sources */,
				B66251B32CB2265300156AE8 /* SceneDelegate.swift in Sources */,
				B662521D2CB5B30E00156AE8 /* HomeCoordinator.swift in Sources */,
				B66251E62CB2286000156AE8 /* HomeViewController.swift in Sources */,
				B66251EF2CB24EBF00156AE8 /* HomeCollectionViewCell.swift in Sources */,
				B66251FB2CB3602F00156AE8 /* UIColor+Extension.swift in Sources */,
				B66252002CB3914800156AE8 /* APIClient.swift in Sources */,
				B662520C2CB3A88D00156AE8 /* FlightsFilteredListViewCell.swift in Sources */,
				B662520E2CB481B400156AE8 /* Data+Extension.swift in Sources */,
			);
			runOnlyForDeploymentPostprocessing = 0;
		};
		B66251BF2CB2265A00156AE8 /* Sources */ = {
			isa = PBXSourcesBuildPhase;
			buildActionMask = 2147483647;
			files = (
				B66251C82CB2265A00156AE8 /* TesteVaDeTaxiTests.swift in Sources */,
				B66252352CB5EC0F00156AE8 /* FlightsHistoryServiceSpy.swift in Sources */,
				B66252372CB5EC2400156AE8 /* FlightsHistoryViewControllerSpy.swift in Sources */,
				B66252392CB5EC6E00156AE8 /* FlightsHistoryViewModelTests.swift in Sources */,
			);
			runOnlyForDeploymentPostprocessing = 0;
		};
		B66251C92CB2265A00156AE8 /* Sources */ = {
			isa = PBXSourcesBuildPhase;
			buildActionMask = 2147483647;
			files = (
				B66251D42CB2265A00156AE8 /* TesteVaDeTaxiUITestsLaunchTests.swift in Sources */,
				B66251D22CB2265A00156AE8 /* TesteVaDeTaxiUITests.swift in Sources */,
			);
			runOnlyForDeploymentPostprocessing = 0;
		};
/* End PBXSourcesBuildPhase section */

/* Begin PBXTargetDependency section */
		B66251C52CB2265A00156AE8 /* PBXTargetDependency */ = {
			isa = PBXTargetDependency;
			target = B66251AC2CB2265300156AE8 /* TesteVaDeTaxi */;
			targetProxy = B66251C42CB2265A00156AE8 /* PBXContainerItemProxy */;
		};
		B66251CF2CB2265A00156AE8 /* PBXTargetDependency */ = {
			isa = PBXTargetDependency;
			target = B66251AC2CB2265300156AE8 /* TesteVaDeTaxi */;
			targetProxy = B66251CE2CB2265A00156AE8 /* PBXContainerItemProxy */;
		};
/* End PBXTargetDependency section */

/* Begin PBXVariantGroup section */
		B66251BB2CB2265800156AE8 /* LaunchScreen.storyboard */ = {
			isa = PBXVariantGroup;
			children = (
				B66251BC2CB2265800156AE8 /* Base */,
			);
			name = LaunchScreen.storyboard;
			sourceTree = "<group>";
		};
/* End PBXVariantGroup section */

/* Begin XCBuildConfiguration section */
		B66251D52CB2265A00156AE8 /* Debug */ = {
			isa = XCBuildConfiguration;
			buildSettings = {
				ALWAYS_SEARCH_USER_PATHS = NO;
				ASSETCATALOG_COMPILER_GENERATE_SWIFT_ASSET_SYMBOL_EXTENSIONS = YES;
				CLANG_ANALYZER_NONNULL = YES;
				CLANG_ANALYZER_NUMBER_OBJECT_CONVERSION = YES_AGGRESSIVE;
				CLANG_CXX_LANGUAGE_STANDARD = "gnu++20";
				CLANG_ENABLE_MODULES = YES;
				CLANG_ENABLE_OBJC_ARC = YES;
				CLANG_ENABLE_OBJC_WEAK = YES;
				CLANG_WARN_BLOCK_CAPTURE_AUTORELEASING = YES;
				CLANG_WARN_BOOL_CONVERSION = YES;
				CLANG_WARN_COMMA = YES;
				CLANG_WARN_CONSTANT_CONVERSION = YES;
				CLANG_WARN_DEPRECATED_OBJC_IMPLEMENTATIONS = YES;
				CLANG_WARN_DIRECT_OBJC_ISA_USAGE = YES_ERROR;
				CLANG_WARN_DOCUMENTATION_COMMENTS = YES;
				CLANG_WARN_EMPTY_BODY = YES;
				CLANG_WARN_ENUM_CONVERSION = YES;
				CLANG_WARN_INFINITE_RECURSION = YES;
				CLANG_WARN_INT_CONVERSION = YES;
				CLANG_WARN_NON_LITERAL_NULL_CONVERSION = YES;
				CLANG_WARN_OBJC_IMPLICIT_RETAIN_SELF = YES;
				CLANG_WARN_OBJC_LITERAL_CONVERSION = YES;
				CLANG_WARN_OBJC_ROOT_CLASS = YES_ERROR;
				CLANG_WARN_QUOTED_INCLUDE_IN_FRAMEWORK_HEADER = YES;
				CLANG_WARN_RANGE_LOOP_ANALYSIS = YES;
				CLANG_WARN_STRICT_PROTOTYPES = YES;
				CLANG_WARN_SUSPICIOUS_MOVE = YES;
				CLANG_WARN_UNGUARDED_AVAILABILITY = YES_AGGRESSIVE;
				CLANG_WARN_UNREACHABLE_CODE = YES;
				CLANG_WARN__DUPLICATE_METHOD_MATCH = YES;
				COPY_PHASE_STRIP = NO;
				DEBUG_INFORMATION_FORMAT = dwarf;
				ENABLE_STRICT_OBJC_MSGSEND = YES;
				ENABLE_TESTABILITY = YES;
				ENABLE_USER_SCRIPT_SANDBOXING = YES;
				GCC_C_LANGUAGE_STANDARD = gnu17;
				GCC_DYNAMIC_NO_PIC = NO;
				GCC_NO_COMMON_BLOCKS = YES;
				GCC_OPTIMIZATION_LEVEL = 0;
				GCC_PREPROCESSOR_DEFINITIONS = (
					"DEBUG=1",
					"$(inherited)",
				);
				GCC_WARN_64_TO_32_BIT_CONVERSION = YES;
				GCC_WARN_ABOUT_RETURN_TYPE = YES_ERROR;
				GCC_WARN_UNDECLARED_SELECTOR = YES;
				GCC_WARN_UNINITIALIZED_AUTOS = YES_AGGRESSIVE;
				GCC_WARN_UNUSED_FUNCTION = YES;
				GCC_WARN_UNUSED_VARIABLE = YES;
				IPHONEOS_DEPLOYMENT_TARGET = 17.2;
				LOCALIZATION_PREFERS_STRING_CATALOGS = YES;
				MTL_ENABLE_DEBUG_INFO = INCLUDE_SOURCE;
				MTL_FAST_MATH = YES;
				ONLY_ACTIVE_ARCH = YES;
				SDKROOT = iphoneos;
				SWIFT_ACTIVE_COMPILATION_CONDITIONS = "DEBUG $(inherited)";
				SWIFT_OPTIMIZATION_LEVEL = "-Onone";
			};
			name = Debug;
		};
		B66251D62CB2265A00156AE8 /* Release */ = {
			isa = XCBuildConfiguration;
			buildSettings = {
				ALWAYS_SEARCH_USER_PATHS = NO;
				ASSETCATALOG_COMPILER_GENERATE_SWIFT_ASSET_SYMBOL_EXTENSIONS = YES;
				CLANG_ANALYZER_NONNULL = YES;
				CLANG_ANALYZER_NUMBER_OBJECT_CONVERSION = YES_AGGRESSIVE;
				CLANG_CXX_LANGUAGE_STANDARD = "gnu++20";
				CLANG_ENABLE_MODULES = YES;
				CLANG_ENABLE_OBJC_ARC = YES;
				CLANG_ENABLE_OBJC_WEAK = YES;
				CLANG_WARN_BLOCK_CAPTURE_AUTORELEASING = YES;
				CLANG_WARN_BOOL_CONVERSION = YES;
				CLANG_WARN_COMMA = YES;
				CLANG_WARN_CONSTANT_CONVERSION = YES;
				CLANG_WARN_DEPRECATED_OBJC_IMPLEMENTATIONS = YES;
				CLANG_WARN_DIRECT_OBJC_ISA_USAGE = YES_ERROR;
				CLANG_WARN_DOCUMENTATION_COMMENTS = YES;
				CLANG_WARN_EMPTY_BODY = YES;
				CLANG_WARN_ENUM_CONVERSION = YES;
				CLANG_WARN_INFINITE_RECURSION = YES;
				CLANG_WARN_INT_CONVERSION = YES;
				CLANG_WARN_NON_LITERAL_NULL_CONVERSION = YES;
				CLANG_WARN_OBJC_IMPLICIT_RETAIN_SELF = YES;
				CLANG_WARN_OBJC_LITERAL_CONVERSION = YES;
				CLANG_WARN_OBJC_ROOT_CLASS = YES_ERROR;
				CLANG_WARN_QUOTED_INCLUDE_IN_FRAMEWORK_HEADER = YES;
				CLANG_WARN_RANGE_LOOP_ANALYSIS = YES;
				CLANG_WARN_STRICT_PROTOTYPES = YES;
				CLANG_WARN_SUSPICIOUS_MOVE = YES;
				CLANG_WARN_UNGUARDED_AVAILABILITY = YES_AGGRESSIVE;
				CLANG_WARN_UNREACHABLE_CODE = YES;
				CLANG_WARN__DUPLICATE_METHOD_MATCH = YES;
				COPY_PHASE_STRIP = NO;
				DEBUG_INFORMATION_FORMAT = "dwarf-with-dsym";
				ENABLE_NS_ASSERTIONS = NO;
				ENABLE_STRICT_OBJC_MSGSEND = YES;
				ENABLE_USER_SCRIPT_SANDBOXING = YES;
				GCC_C_LANGUAGE_STANDARD = gnu17;
				GCC_NO_COMMON_BLOCKS = YES;
				GCC_WARN_64_TO_32_BIT_CONVERSION = YES;
				GCC_WARN_ABOUT_RETURN_TYPE = YES_ERROR;
				GCC_WARN_UNDECLARED_SELECTOR = YES;
				GCC_WARN_UNINITIALIZED_AUTOS = YES_AGGRESSIVE;
				GCC_WARN_UNUSED_FUNCTION = YES;
				GCC_WARN_UNUSED_VARIABLE = YES;
				IPHONEOS_DEPLOYMENT_TARGET = 17.2;
				LOCALIZATION_PREFERS_STRING_CATALOGS = YES;
				MTL_ENABLE_DEBUG_INFO = NO;
				MTL_FAST_MATH = YES;
				SDKROOT = iphoneos;
				SWIFT_COMPILATION_MODE = wholemodule;
				VALIDATE_PRODUCT = YES;
			};
			name = Release;
		};
		B66251D82CB2265A00156AE8 /* Debug */ = {
			isa = XCBuildConfiguration;
			buildSettings = {
				ASSETCATALOG_COMPILER_APPICON_NAME = AppIcon;
				ASSETCATALOG_COMPILER_GLOBAL_ACCENT_COLOR_NAME = AccentColor;
				CODE_SIGN_STYLE = Automatic;
				CURRENT_PROJECT_VERSION = 1;
				DEVELOPMENT_TEAM = 2FXPMLN8LH;
				GENERATE_INFOPLIST_FILE = YES;
				INFOPLIST_FILE = TesteVaDeTaxi/SupportingFiles/Info.plist;
				INFOPLIST_KEY_CFBundleDisplayName = "Way Airlines";
				INFOPLIST_KEY_UIApplicationSupportsIndirectInputEvents = YES;
				INFOPLIST_KEY_UILaunchStoryboardName = LaunchScreen;
				INFOPLIST_KEY_UISupportedInterfaceOrientations_iPad = "UIInterfaceOrientationPortrait UIInterfaceOrientationPortraitUpsideDown UIInterfaceOrientationLandscapeLeft UIInterfaceOrientationLandscapeRight";
				INFOPLIST_KEY_UISupportedInterfaceOrientations_iPhone = "UIInterfaceOrientationPortrait UIInterfaceOrientationLandscapeLeft UIInterfaceOrientationLandscapeRight";
				IPHONEOS_DEPLOYMENT_TARGET = 13.0;
				LD_RUNPATH_SEARCH_PATHS = (
					"$(inherited)",
					"@executable_path/Frameworks",
				);
				MARKETING_VERSION = 1.0;
				PRODUCT_BUNDLE_IDENTIFIER = com.projects.kelvinmachado.TesteVaDeTaxi;
				PRODUCT_NAME = "$(TARGET_NAME)";
				SWIFT_EMIT_LOC_STRINGS = YES;
				SWIFT_VERSION = 5.0;
				TARGETED_DEVICE_FAMILY = "1,2";
			};
			name = Debug;
		};
		B66251D92CB2265A00156AE8 /* Release */ = {
			isa = XCBuildConfiguration;
			buildSettings = {
				ASSETCATALOG_COMPILER_APPICON_NAME = AppIcon;
				ASSETCATALOG_COMPILER_GLOBAL_ACCENT_COLOR_NAME = AccentColor;
				CODE_SIGN_STYLE = Automatic;
				CURRENT_PROJECT_VERSION = 1;
				DEVELOPMENT_TEAM = 2FXPMLN8LH;
				GENERATE_INFOPLIST_FILE = YES;
				INFOPLIST_FILE = TesteVaDeTaxi/SupportingFiles/Info.plist;
				INFOPLIST_KEY_CFBundleDisplayName = "Way Airlines";
				INFOPLIST_KEY_UIApplicationSupportsIndirectInputEvents = YES;
				INFOPLIST_KEY_UILaunchStoryboardName = LaunchScreen;
				INFOPLIST_KEY_UISupportedInterfaceOrientations_iPad = "UIInterfaceOrientationPortrait UIInterfaceOrientationPortraitUpsideDown UIInterfaceOrientationLandscapeLeft UIInterfaceOrientationLandscapeRight";
				INFOPLIST_KEY_UISupportedInterfaceOrientations_iPhone = "UIInterfaceOrientationPortrait UIInterfaceOrientationLandscapeLeft UIInterfaceOrientationLandscapeRight";
				IPHONEOS_DEPLOYMENT_TARGET = 13.0;
				LD_RUNPATH_SEARCH_PATHS = (
					"$(inherited)",
					"@executable_path/Frameworks",
				);
				MARKETING_VERSION = 1.0;
				PRODUCT_BUNDLE_IDENTIFIER = com.projects.kelvinmachado.TesteVaDeTaxi;
				PRODUCT_NAME = "$(TARGET_NAME)";
				SWIFT_EMIT_LOC_STRINGS = YES;
				SWIFT_VERSION = 5.0;
				TARGETED_DEVICE_FAMILY = "1,2";
			};
			name = Release;
		};
		B66251DB2CB2265A00156AE8 /* Debug */ = {
			isa = XCBuildConfiguration;
			buildSettings = {
				ALWAYS_EMBED_SWIFT_STANDARD_LIBRARIES = YES;
				BUNDLE_LOADER = "$(TEST_HOST)";
				CODE_SIGN_STYLE = Automatic;
				CURRENT_PROJECT_VERSION = 1;
				DEVELOPMENT_TEAM = 2FXPMLN8LH;
				GENERATE_INFOPLIST_FILE = YES;
				IPHONEOS_DEPLOYMENT_TARGET = 17.2;
				MARKETING_VERSION = 1.0;
				PRODUCT_BUNDLE_IDENTIFIER = com.projects.kelvinmachado.TesteVaDeTaxiTests;
				PRODUCT_NAME = "$(TARGET_NAME)";
				SWIFT_EMIT_LOC_STRINGS = NO;
				SWIFT_VERSION = 5.0;
				TARGETED_DEVICE_FAMILY = "1,2";
				TEST_HOST = "$(BUILT_PRODUCTS_DIR)/TesteVaDeTaxi.app/$(BUNDLE_EXECUTABLE_FOLDER_PATH)/TesteVaDeTaxi";
			};
			name = Debug;
		};
		B66251DC2CB2265A00156AE8 /* Release */ = {
			isa = XCBuildConfiguration;
			buildSettings = {
				ALWAYS_EMBED_SWIFT_STANDARD_LIBRARIES = YES;
				BUNDLE_LOADER = "$(TEST_HOST)";
				CODE_SIGN_STYLE = Automatic;
				CURRENT_PROJECT_VERSION = 1;
				DEVELOPMENT_TEAM = 2FXPMLN8LH;
				GENERATE_INFOPLIST_FILE = YES;
				IPHONEOS_DEPLOYMENT_TARGET = 17.2;
				MARKETING_VERSION = 1.0;
				PRODUCT_BUNDLE_IDENTIFIER = com.projects.kelvinmachado.TesteVaDeTaxiTests;
				PRODUCT_NAME = "$(TARGET_NAME)";
				SWIFT_EMIT_LOC_STRINGS = NO;
				SWIFT_VERSION = 5.0;
				TARGETED_DEVICE_FAMILY = "1,2";
				TEST_HOST = "$(BUILT_PRODUCTS_DIR)/TesteVaDeTaxi.app/$(BUNDLE_EXECUTABLE_FOLDER_PATH)/TesteVaDeTaxi";
			};
			name = Release;
		};
		B66251DE2CB2265A00156AE8 /* Debug */ = {
			isa = XCBuildConfiguration;
			buildSettings = {
				ALWAYS_EMBED_SWIFT_STANDARD_LIBRARIES = YES;
				CODE_SIGN_STYLE = Automatic;
				CURRENT_PROJECT_VERSION = 1;
				DEVELOPMENT_TEAM = 2FXPMLN8LH;
				GENERATE_INFOPLIST_FILE = YES;
				MARKETING_VERSION = 1.0;
				PRODUCT_BUNDLE_IDENTIFIER = com.projects.kelvinmachado.TesteVaDeTaxiUITests;
				PRODUCT_NAME = "$(TARGET_NAME)";
				SWIFT_EMIT_LOC_STRINGS = NO;
				SWIFT_VERSION = 5.0;
				TARGETED_DEVICE_FAMILY = "1,2";
				TEST_TARGET_NAME = TesteVaDeTaxi;
			};
			name = Debug;
		};
		B66251DF2CB2265A00156AE8 /* Release */ = {
			isa = XCBuildConfiguration;
			buildSettings = {
				ALWAYS_EMBED_SWIFT_STANDARD_LIBRARIES = YES;
				CODE_SIGN_STYLE = Automatic;
				CURRENT_PROJECT_VERSION = 1;
				DEVELOPMENT_TEAM = 2FXPMLN8LH;
				GENERATE_INFOPLIST_FILE = YES;
				MARKETING_VERSION = 1.0;
				PRODUCT_BUNDLE_IDENTIFIER = com.projects.kelvinmachado.TesteVaDeTaxiUITests;
				PRODUCT_NAME = "$(TARGET_NAME)";
				SWIFT_EMIT_LOC_STRINGS = NO;
				SWIFT_VERSION = 5.0;
				TARGETED_DEVICE_FAMILY = "1,2";
				TEST_TARGET_NAME = TesteVaDeTaxi;
			};
			name = Release;
		};
/* End XCBuildConfiguration section */

/* Begin XCConfigurationList section */
		B66251A82CB2265300156AE8 /* Build configuration list for PBXProject "TesteVaDeTaxi" */ = {
			isa = XCConfigurationList;
			buildConfigurations = (
				B66251D52CB2265A00156AE8 /* Debug */,
				B66251D62CB2265A00156AE8 /* Release */,
			);
			defaultConfigurationIsVisible = 0;
			defaultConfigurationName = Release;
		};
		B66251D72CB2265A00156AE8 /* Build configuration list for PBXNativeTarget "TesteVaDeTaxi" */ = {
			isa = XCConfigurationList;
			buildConfigurations = (
				B66251D82CB2265A00156AE8 /* Debug */,
				B66251D92CB2265A00156AE8 /* Release */,
			);
			defaultConfigurationIsVisible = 0;
			defaultConfigurationName = Release;
		};
		B66251DA2CB2265A00156AE8 /* Build configuration list for PBXNativeTarget "TesteVaDeTaxiTests" */ = {
			isa = XCConfigurationList;
			buildConfigurations = (
				B66251DB2CB2265A00156AE8 /* Debug */,
				B66251DC2CB2265A00156AE8 /* Release */,
			);
			defaultConfigurationIsVisible = 0;
			defaultConfigurationName = Release;
		};
		B66251DD2CB2265A00156AE8 /* Build configuration list for PBXNativeTarget "TesteVaDeTaxiUITests" */ = {
			isa = XCConfigurationList;
			buildConfigurations = (
				B66251DE2CB2265A00156AE8 /* Debug */,
				B66251DF2CB2265A00156AE8 /* Release */,
			);
			defaultConfigurationIsVisible = 0;
			defaultConfigurationName = Release;
		};
/* End XCConfigurationList section */
	};
	rootObject = B66251A52CB2265300156AE8 /* Project object */;
}
